// !$*UTF8*$!
{
	archiveVersion = 1;
	classes = {
	};
	objectVersion = 55;
	objects = {

/* Begin PBXBuildFile section */
		3A23137C2836748B0035E342 /* HomeContentViewModel.swift in Sources */ = {isa = PBXBuildFile; fileRef = 3A23137B2836748B0035E342 /* HomeContentViewModel.swift */; };
		3A23137E283674AE0035E342 /* HomeContentModel.swift in Sources */ = {isa = PBXBuildFile; fileRef = 3A23137D283674AE0035E342 /* HomeContentModel.swift */; };
		3A2313812836752C0035E342 /* TMDBResonse.swift in Sources */ = {isa = PBXBuildFile; fileRef = 3A2313802836752C0035E342 /* TMDBResonse.swift */; };
		3A231383283675490035E342 /* TMDBResult.swift in Sources */ = {isa = PBXBuildFile; fileRef = 3A231382283675490035E342 /* TMDBResult.swift */; };
		3A231386283677EC0035E342 /* MainRouter.swift in Sources */ = {isa = PBXBuildFile; fileRef = 3A231385283677EC0035E342 /* MainRouter.swift */; };
		3A23138B2837022F0035E342 /* UIImageView+Extensions.swift in Sources */ = {isa = PBXBuildFile; fileRef = 3A23138A2837022F0035E342 /* UIImageView+Extensions.swift */; };
		3A23138D28370F7E0035E342 /* HomeContentCollectionViewCell.swift in Sources */ = {isa = PBXBuildFile; fileRef = 3A23138C28370F7E0035E342 /* HomeContentCollectionViewCell.swift */; };
		3A23138F283927330035E342 /* APIManager.swift in Sources */ = {isa = PBXBuildFile; fileRef = 3A23138E283927330035E342 /* APIManager.swift */; };
		3A23139228392BA90035E342 /* DetailViewController.swift in Sources */ = {isa = PBXBuildFile; fileRef = 3A23139128392BA90035E342 /* DetailViewController.swift */; };
		3A23139428392BC60035E342 /* DetailCoordinator.swift in Sources */ = {isa = PBXBuildFile; fileRef = 3A23139328392BC60035E342 /* DetailCoordinator.swift */; };
		3A231398283A680E0035E342 /* TMDBReviewReview.swift in Sources */ = {isa = PBXBuildFile; fileRef = 3A231397283A680E0035E342 /* TMDBReviewReview.swift */; };
		3A23139A283A68250035E342 /* TMDBReviewResult.swift in Sources */ = {isa = PBXBuildFile; fileRef = 3A231399283A68250035E342 /* TMDBReviewResult.swift */; };
		3A23139C283A684F0035E342 /* TMDBReviewAuthorDetails.swift in Sources */ = {isa = PBXBuildFile; fileRef = 3A23139B283A684F0035E342 /* TMDBReviewAuthorDetails.swift */; };
		3A23139F283A6AA10035E342 /* ReviewInfo.swift in Sources */ = {isa = PBXBuildFile; fileRef = 3A23139E283A6AA10035E342 /* ReviewInfo.swift */; };
		3A2313A1283BC4320035E342 /* SubtitleSupplementaryView.swift in Sources */ = {isa = PBXBuildFile; fileRef = 3A2313A0283BC4320035E342 /* SubtitleSupplementaryView.swift */; };
		3ABB0B3E2831DB3200C187D2 /* AppDelegate.swift in Sources */ = {isa = PBXBuildFile; fileRef = 3ABB0B3D2831DB3200C187D2 /* AppDelegate.swift */; };
		3ABB0B402831DB3200C187D2 /* SceneDelegate.swift in Sources */ = {isa = PBXBuildFile; fileRef = 3ABB0B3F2831DB3200C187D2 /* SceneDelegate.swift */; };
		3ABB0B422831DB3200C187D2 /* SplashViewController.swift in Sources */ = {isa = PBXBuildFile; fileRef = 3ABB0B412831DB3200C187D2 /* SplashViewController.swift */; };
		3ABB0B472831DB3400C187D2 /* Assets.xcassets in Resources */ = {isa = PBXBuildFile; fileRef = 3ABB0B462831DB3400C187D2 /* Assets.xcassets */; };
		3ABB0B4A2831DB3400C187D2 /* LaunchScreen.storyboard in Resources */ = {isa = PBXBuildFile; fileRef = 3ABB0B482831DB3400C187D2 /* LaunchScreen.storyboard */; };
		3ABB0B532831F63000C187D2 /* Coordinator.swift in Sources */ = {isa = PBXBuildFile; fileRef = 3ABB0B522831F63000C187D2 /* Coordinator.swift */; };
		3ABB0B552831F66F00C187D2 /* AppCoordinator.swift in Sources */ = {isa = PBXBuildFile; fileRef = 3ABB0B542831F66F00C187D2 /* AppCoordinator.swift */; };
		3ABB0B582831FB0A00C187D2 /* UIViewConstraint.swift in Sources */ = {isa = PBXBuildFile; fileRef = 3ABB0B572831FB0A00C187D2 /* UIViewConstraint.swift */; };
		3ABB0B5C283208BF00C187D2 /* MainViewController.swift in Sources */ = {isa = PBXBuildFile; fileRef = 3ABB0B5B283208BF00C187D2 /* MainViewController.swift */; };
		3ABB0B5F28320AB400C187D2 /* HomeViewController.swift in Sources */ = {isa = PBXBuildFile; fileRef = 3ABB0B5E28320AB400C187D2 /* HomeViewController.swift */; };
		3ABB0B61283238B800C187D2 /* MainCoordinator.swift in Sources */ = {isa = PBXBuildFile; fileRef = 3ABB0B60283238B800C187D2 /* MainCoordinator.swift */; };
		3ABB0B63283238DC00C187D2 /* TabBarPage.swift in Sources */ = {isa = PBXBuildFile; fileRef = 3ABB0B62283238DC00C187D2 /* TabBarPage.swift */; };
		3ABB0B65283294E200C187D2 /* HomeCoordinator.swift in Sources */ = {isa = PBXBuildFile; fileRef = 3ABB0B64283294E200C187D2 /* HomeCoordinator.swift */; };
		3ABB0B692832963700C187D2 /* AccountViewController.swift in Sources */ = {isa = PBXBuildFile; fileRef = 3ABB0B682832963700C187D2 /* AccountViewController.swift */; };
		3ABB0B6B2832965100C187D2 /* AccountCoordinator.swift in Sources */ = {isa = PBXBuildFile; fileRef = 3ABB0B6A2832965100C187D2 /* AccountCoordinator.swift */; };
		3ABB0B6D2832993C00C187D2 /* UIButton+Extensions.swift in Sources */ = {isa = PBXBuildFile; fileRef = 3ABB0B6C2832993C00C187D2 /* UIButton+Extensions.swift */; };
		3ABB0B6F28329B5600C187D2 /* UIControl+Extensions.swift in Sources */ = {isa = PBXBuildFile; fileRef = 3ABB0B6E28329B5600C187D2 /* UIControl+Extensions.swift */; };
		3ABB0B732833EF3700C187D2 /* UIPageViewController+Extensions.swift in Sources */ = {isa = PBXBuildFile; fileRef = 3ABB0B722833EF3700C187D2 /* UIPageViewController+Extensions.swift */; };
		3ABB0B762835224500C187D2 /* HomeContentViewController.swift in Sources */ = {isa = PBXBuildFile; fileRef = 3ABB0B752835224500C187D2 /* HomeContentViewController.swift */; };
		3ABB0B782835228000C187D2 /* HomeContentType.swift in Sources */ = {isa = PBXBuildFile; fileRef = 3ABB0B772835228000C187D2 /* HomeContentType.swift */; };
		3ABB0B7A2835250100C187D2 /* UICollectionView+Extensions.swift in Sources */ = {isa = PBXBuildFile; fileRef = 3ABB0B792835250100C187D2 /* UICollectionView+Extensions.swift */; };
		3ABB0B7C2835253C00C187D2 /* NSObject+Extensions.swift in Sources */ = {isa = PBXBuildFile; fileRef = 3ABB0B7B2835253C00C187D2 /* NSObject+Extensions.swift */; };
		3ABB0B7E2835637A00C187D2 /* TitleSupplementaryView.swift in Sources */ = {isa = PBXBuildFile; fileRef = 3ABB0B7D2835637A00C187D2 /* TitleSupplementaryView.swift */; };
		3ABB0B80283563D200C187D2 /* ContentSection.swift in Sources */ = {isa = PBXBuildFile; fileRef = 3ABB0B7F283563D200C187D2 /* ContentSection.swift */; };
		C612E38C847C045F5C8FD9DC /* Pods_TMDBVirgo.framework in Frameworks */ = {isa = PBXBuildFile; fileRef = DBAAE5B3E7506A3D47721F94 /* Pods_TMDBVirgo.framework */; };
/* End PBXBuildFile section */

/* Begin PBXFileReference section */
		0ABC38191C09E3731D4B5204 /* Pods-TMDBVirgo.debug.xcconfig */ = {isa = PBXFileReference; includeInIndex = 1; lastKnownFileType = text.xcconfig; name = "Pods-TMDBVirgo.debug.xcconfig"; path = "Target Support Files/Pods-TMDBVirgo/Pods-TMDBVirgo.debug.xcconfig"; sourceTree = "<group>"; };
		3A23137B2836748B0035E342 /* HomeContentViewModel.swift */ = {isa = PBXFileReference; lastKnownFileType = sourcecode.swift; path = HomeContentViewModel.swift; sourceTree = "<group>"; };
		3A23137D283674AE0035E342 /* HomeContentModel.swift */ = {isa = PBXFileReference; lastKnownFileType = sourcecode.swift; path = HomeContentModel.swift; sourceTree = "<group>"; };
		3A2313802836752C0035E342 /* TMDBResonse.swift */ = {isa = PBXFileReference; lastKnownFileType = sourcecode.swift; path = TMDBResonse.swift; sourceTree = "<group>"; };
		3A231382283675490035E342 /* TMDBResult.swift */ = {isa = PBXFileReference; lastKnownFileType = sourcecode.swift; path = TMDBResult.swift; sourceTree = "<group>"; };
		3A231385283677EC0035E342 /* MainRouter.swift */ = {isa = PBXFileReference; lastKnownFileType = sourcecode.swift; path = MainRouter.swift; sourceTree = "<group>"; };
		3A23138A2837022F0035E342 /* UIImageView+Extensions.swift */ = {isa = PBXFileReference; lastKnownFileType = sourcecode.swift; path = "UIImageView+Extensions.swift"; sourceTree = "<group>"; };
		3A23138C28370F7E0035E342 /* HomeContentCollectionViewCell.swift */ = {isa = PBXFileReference; lastKnownFileType = sourcecode.swift; path = HomeContentCollectionViewCell.swift; sourceTree = "<group>"; };
		3A23138E283927330035E342 /* APIManager.swift */ = {isa = PBXFileReference; lastKnownFileType = sourcecode.swift; path = APIManager.swift; sourceTree = "<group>"; };
		3A23139128392BA90035E342 /* DetailViewController.swift */ = {isa = PBXFileReference; lastKnownFileType = sourcecode.swift; path = DetailViewController.swift; sourceTree = "<group>"; };
		3A23139328392BC60035E342 /* DetailCoordinator.swift */ = {isa = PBXFileReference; lastKnownFileType = sourcecode.swift; path = DetailCoordinator.swift; sourceTree = "<group>"; };
		3A231397283A680E0035E342 /* TMDBReviewReview.swift */ = {isa = PBXFileReference; lastKnownFileType = sourcecode.swift; path = TMDBReviewReview.swift; sourceTree = "<group>"; };
		3A231399283A68250035E342 /* TMDBReviewResult.swift */ = {isa = PBXFileReference; lastKnownFileType = sourcecode.swift; path = TMDBReviewResult.swift; sourceTree = "<group>"; };
		3A23139B283A684F0035E342 /* TMDBReviewAuthorDetails.swift */ = {isa = PBXFileReference; lastKnownFileType = sourcecode.swift; path = TMDBReviewAuthorDetails.swift; sourceTree = "<group>"; };
		3A23139E283A6AA10035E342 /* ReviewInfo.swift */ = {isa = PBXFileReference; lastKnownFileType = sourcecode.swift; path = ReviewInfo.swift; sourceTree = "<group>"; };
		3A2313A0283BC4320035E342 /* SubtitleSupplementaryView.swift */ = {isa = PBXFileReference; lastKnownFileType = sourcecode.swift; path = SubtitleSupplementaryView.swift; sourceTree = "<group>"; };
		3ABB0B3A2831DB3200C187D2 /* TMDBVirgo.app */ = {isa = PBXFileReference; explicitFileType = wrapper.application; includeInIndex = 0; path = TMDBVirgo.app; sourceTree = BUILT_PRODUCTS_DIR; };
		3ABB0B3D2831DB3200C187D2 /* AppDelegate.swift */ = {isa = PBXFileReference; lastKnownFileType = sourcecode.swift; path = AppDelegate.swift; sourceTree = "<group>"; };
		3ABB0B3F2831DB3200C187D2 /* SceneDelegate.swift */ = {isa = PBXFileReference; lastKnownFileType = sourcecode.swift; path = SceneDelegate.swift; sourceTree = "<group>"; };
		3ABB0B412831DB3200C187D2 /* SplashViewController.swift */ = {isa = PBXFileReference; lastKnownFileType = sourcecode.swift; path = SplashViewController.swift; sourceTree = "<group>"; };
		3ABB0B462831DB3400C187D2 /* Assets.xcassets */ = {isa = PBXFileReference; lastKnownFileType = folder.assetcatalog; path = Assets.xcassets; sourceTree = "<group>"; };
		3ABB0B492831DB3400C187D2 /* Base */ = {isa = PBXFileReference; lastKnownFileType = file.storyboard; name = Base; path = Base.lproj/LaunchScreen.storyboard; sourceTree = "<group>"; };
		3ABB0B4B2831DB3400C187D2 /* Info.plist */ = {isa = PBXFileReference; lastKnownFileType = text.plist.xml; path = Info.plist; sourceTree = "<group>"; };
		3ABB0B522831F63000C187D2 /* Coordinator.swift */ = {isa = PBXFileReference; lastKnownFileType = sourcecode.swift; path = Coordinator.swift; sourceTree = "<group>"; };
		3ABB0B542831F66F00C187D2 /* AppCoordinator.swift */ = {isa = PBXFileReference; lastKnownFileType = sourcecode.swift; path = AppCoordinator.swift; sourceTree = "<group>"; };
		3ABB0B572831FB0A00C187D2 /* UIViewConstraint.swift */ = {isa = PBXFileReference; lastKnownFileType = sourcecode.swift; path = UIViewConstraint.swift; sourceTree = "<group>"; };
		3ABB0B5B283208BF00C187D2 /* MainViewController.swift */ = {isa = PBXFileReference; lastKnownFileType = sourcecode.swift; path = MainViewController.swift; sourceTree = "<group>"; };
		3ABB0B5E28320AB400C187D2 /* HomeViewController.swift */ = {isa = PBXFileReference; lastKnownFileType = sourcecode.swift; path = HomeViewController.swift; sourceTree = "<group>"; };
		3ABB0B60283238B800C187D2 /* MainCoordinator.swift */ = {isa = PBXFileReference; lastKnownFileType = sourcecode.swift; path = MainCoordinator.swift; sourceTree = "<group>"; };
		3ABB0B62283238DC00C187D2 /* TabBarPage.swift */ = {isa = PBXFileReference; lastKnownFileType = sourcecode.swift; path = TabBarPage.swift; sourceTree = "<group>"; };
		3ABB0B64283294E200C187D2 /* HomeCoordinator.swift */ = {isa = PBXFileReference; lastKnownFileType = sourcecode.swift; path = HomeCoordinator.swift; sourceTree = "<group>"; };
		3ABB0B682832963700C187D2 /* AccountViewController.swift */ = {isa = PBXFileReference; lastKnownFileType = sourcecode.swift; path = AccountViewController.swift; sourceTree = "<group>"; };
		3ABB0B6A2832965100C187D2 /* AccountCoordinator.swift */ = {isa = PBXFileReference; lastKnownFileType = sourcecode.swift; path = AccountCoordinator.swift; sourceTree = "<group>"; };
		3ABB0B6C2832993C00C187D2 /* UIButton+Extensions.swift */ = {isa = PBXFileReference; lastKnownFileType = sourcecode.swift; path = "UIButton+Extensions.swift"; sourceTree = "<group>"; };
		3ABB0B6E28329B5600C187D2 /* UIControl+Extensions.swift */ = {isa = PBXFileReference; lastKnownFileType = sourcecode.swift; path = "UIControl+Extensions.swift"; sourceTree = "<group>"; };
		3ABB0B722833EF3700C187D2 /* UIPageViewController+Extensions.swift */ = {isa = PBXFileReference; lastKnownFileType = sourcecode.swift; path = "UIPageViewController+Extensions.swift"; sourceTree = "<group>"; };
		3ABB0B752835224500C187D2 /* HomeContentViewController.swift */ = {isa = PBXFileReference; lastKnownFileType = sourcecode.swift; path = HomeContentViewController.swift; sourceTree = "<group>"; };
		3ABB0B772835228000C187D2 /* HomeContentType.swift */ = {isa = PBXFileReference; lastKnownFileType = sourcecode.swift; path = HomeContentType.swift; sourceTree = "<group>"; };
		3ABB0B792835250100C187D2 /* UICollectionView+Extensions.swift */ = {isa = PBXFileReference; lastKnownFileType = sourcecode.swift; path = "UICollectionView+Extensions.swift"; sourceTree = "<group>"; };
		3ABB0B7B2835253C00C187D2 /* NSObject+Extensions.swift */ = {isa = PBXFileReference; lastKnownFileType = sourcecode.swift; path = "NSObject+Extensions.swift"; sourceTree = "<group>"; };
		3ABB0B7D2835637A00C187D2 /* TitleSupplementaryView.swift */ = {isa = PBXFileReference; lastKnownFileType = sourcecode.swift; path = TitleSupplementaryView.swift; sourceTree = "<group>"; };
		3ABB0B7F283563D200C187D2 /* ContentSection.swift */ = {isa = PBXFileReference; lastKnownFileType = sourcecode.swift; path = ContentSection.swift; sourceTree = "<group>"; };
		DBAAE5B3E7506A3D47721F94 /* Pods_TMDBVirgo.framework */ = {isa = PBXFileReference; explicitFileType = wrapper.framework; includeInIndex = 0; path = Pods_TMDBVirgo.framework; sourceTree = BUILT_PRODUCTS_DIR; };
		F95722E75ABDC2E94A82B244 /* Pods-TMDBVirgo.release.xcconfig */ = {isa = PBXFileReference; includeInIndex = 1; lastKnownFileType = text.xcconfig; name = "Pods-TMDBVirgo.release.xcconfig"; path = "Target Support Files/Pods-TMDBVirgo/Pods-TMDBVirgo.release.xcconfig"; sourceTree = "<group>"; };
/* End PBXFileReference section */

/* Begin PBXFrameworksBuildPhase section */
		3ABB0B372831DB3200C187D2 /* Frameworks */ = {
			isa = PBXFrameworksBuildPhase;
			buildActionMask = 2147483647;
			files = (
				C612E38C847C045F5C8FD9DC /* Pods_TMDBVirgo.framework in Frameworks */,
			);
			runOnlyForDeploymentPostprocessing = 0;
		};
/* End PBXFrameworksBuildPhase section */

/* Begin PBXGroup section */
		1B8EA50C297637F7A5DC8B20 /* Pods */ = {
			isa = PBXGroup;
			children = (
				0ABC38191C09E3731D4B5204 /* Pods-TMDBVirgo.debug.xcconfig */,
				F95722E75ABDC2E94A82B244 /* Pods-TMDBVirgo.release.xcconfig */,
			);
			path = Pods;
			sourceTree = "<group>";
		};
		3A23137A283674740035E342 /* Subviews */ = {
			isa = PBXGroup;
			children = (
				3ABB0B7D2835637A00C187D2 /* TitleSupplementaryView.swift */,
				3A2313A0283BC4320035E342 /* SubtitleSupplementaryView.swift */,
				3A23138C28370F7E0035E342 /* HomeContentCollectionViewCell.swift */,
			);
			path = Subviews;
			sourceTree = "<group>";
		};
		3A23137F2836751F0035E342 /* Models */ = {
			isa = PBXGroup;
			children = (
				3A231396283A67EA0035E342 /* MovieTV */,
				3A231395283A67E30035E342 /* Review */,
				3ABB0B7F283563D200C187D2 /* ContentSection.swift */,
			);
			path = Models;
			sourceTree = "<group>";
		};
		3A231384283677D30035E342 /* Service */ = {
			isa = PBXGroup;
			children = (
				3A231385283677EC0035E342 /* MainRouter.swift */,
				3A23138E283927330035E342 /* APIManager.swift */,
			);
			path = Service;
			sourceTree = "<group>";
		};
		3A23139028392B950035E342 /* Detail */ = {
			isa = PBXGroup;
			children = (
				3A23139128392BA90035E342 /* DetailViewController.swift */,
				3A23139328392BC60035E342 /* DetailCoordinator.swift */,
			);
			path = Detail;
			sourceTree = "<group>";
		};
		3A231395283A67E30035E342 /* Review */ = {
			isa = PBXGroup;
			children = (
				3A231397283A680E0035E342 /* TMDBReviewReview.swift */,
				3A231399283A68250035E342 /* TMDBReviewResult.swift */,
				3A23139B283A684F0035E342 /* TMDBReviewAuthorDetails.swift */,
			);
			path = Review;
			sourceTree = "<group>";
		};
		3A231396283A67EA0035E342 /* MovieTV */ = {
			isa = PBXGroup;
			children = (
				3A2313802836752C0035E342 /* TMDBResonse.swift */,
				3A231382283675490035E342 /* TMDBResult.swift */,
			);
			path = MovieTV;
			sourceTree = "<group>";
		};
		3A23139D283A6A990035E342 /* ViewData */ = {
			isa = PBXGroup;
			children = (
				3A23139E283A6AA10035E342 /* ReviewInfo.swift */,
			);
			path = ViewData;
			sourceTree = "<group>";
		};
		3ABB0B312831DB3200C187D2 = {
			isa = PBXGroup;
			children = (
				3ABB0B3C2831DB3200C187D2 /* TMDBVirgo */,
				3ABB0B3B2831DB3200C187D2 /* Products */,
				1B8EA50C297637F7A5DC8B20 /* Pods */,
				A4A4E9168D00D8100BED7425 /* Frameworks */,
			);
			sourceTree = "<group>";
		};
		3ABB0B3B2831DB3200C187D2 /* Products */ = {
			isa = PBXGroup;
			children = (
				3ABB0B3A2831DB3200C187D2 /* TMDBVirgo.app */,
			);
			name = Products;
			sourceTree = "<group>";
		};
		3ABB0B3C2831DB3200C187D2 /* TMDBVirgo */ = {
			isa = PBXGroup;
			children = (
				3A23139D283A6A990035E342 /* ViewData */,
				3A231384283677D30035E342 /* Service */,
				3ABB0B59283208AC00C187D2 /* Modules */,
				3ABB0B562831FAF700C187D2 /* Extensions */,
				3ABB0B512831F61E00C187D2 /* Coordinator */,
				3ABB0B3D2831DB3200C187D2 /* AppDelegate.swift */,
				3ABB0B3F2831DB3200C187D2 /* SceneDelegate.swift */,
				3ABB0B412831DB3200C187D2 /* SplashViewController.swift */,
				3ABB0B462831DB3400C187D2 /* Assets.xcassets */,
				3ABB0B482831DB3400C187D2 /* LaunchScreen.storyboard */,
				3ABB0B4B2831DB3400C187D2 /* Info.plist */,
			);
			path = TMDBVirgo;
			sourceTree = "<group>";
		};
		3ABB0B512831F61E00C187D2 /* Coordinator */ = {
			isa = PBXGroup;
			children = (
				3ABB0B522831F63000C187D2 /* Coordinator.swift */,
				3ABB0B542831F66F00C187D2 /* AppCoordinator.swift */,
			);
			path = Coordinator;
			sourceTree = "<group>";
		};
		3ABB0B562831FAF700C187D2 /* Extensions */ = {
			isa = PBXGroup;
			children = (
				3ABB0B572831FB0A00C187D2 /* UIViewConstraint.swift */,
				3ABB0B6C2832993C00C187D2 /* UIButton+Extensions.swift */,
				3ABB0B6E28329B5600C187D2 /* UIControl+Extensions.swift */,
				3ABB0B722833EF3700C187D2 /* UIPageViewController+Extensions.swift */,
				3ABB0B792835250100C187D2 /* UICollectionView+Extensions.swift */,
				3ABB0B7B2835253C00C187D2 /* NSObject+Extensions.swift */,
				3A23138A2837022F0035E342 /* UIImageView+Extensions.swift */,
			);
			path = Extensions;
			sourceTree = "<group>";
		};
		3ABB0B59283208AC00C187D2 /* Modules */ = {
			isa = PBXGroup;
			children = (
				3A23139028392B950035E342 /* Detail */,
				3ABB0B672832962800C187D2 /* Account */,
				3ABB0B5D28320A7900C187D2 /* Home */,
				3ABB0B5A283208B200C187D2 /* Main */,
			);
			path = Modules;
			sourceTree = "<group>";
		};
		3ABB0B5A283208B200C187D2 /* Main */ = {
			isa = PBXGroup;
			children = (
				3ABB0B5B283208BF00C187D2 /* MainViewController.swift */,
				3ABB0B60283238B800C187D2 /* MainCoordinator.swift */,
				3ABB0B62283238DC00C187D2 /* TabBarPage.swift */,
			);
			path = Main;
			sourceTree = "<group>";
		};
		3ABB0B5D28320A7900C187D2 /* Home */ = {
			isa = PBXGroup;
			children = (
				3ABB0B742835222F00C187D2 /* Content */,
				3ABB0B5E28320AB400C187D2 /* HomeViewController.swift */,
				3ABB0B64283294E200C187D2 /* HomeCoordinator.swift */,
				3ABB0B772835228000C187D2 /* HomeContentType.swift */,
			);
			path = Home;
			sourceTree = "<group>";
		};
		3ABB0B672832962800C187D2 /* Account */ = {
			isa = PBXGroup;
			children = (
				3ABB0B682832963700C187D2 /* AccountViewController.swift */,
				3ABB0B6A2832965100C187D2 /* AccountCoordinator.swift */,
			);
			path = Account;
			sourceTree = "<group>";
		};
		3ABB0B742835222F00C187D2 /* Content */ = {
			isa = PBXGroup;
			children = (
				3A23137F2836751F0035E342 /* Models */,
				3A23137A283674740035E342 /* Subviews */,
				3ABB0B752835224500C187D2 /* HomeContentViewController.swift */,
				3A23137B2836748B0035E342 /* HomeContentViewModel.swift */,
				3A23137D283674AE0035E342 /* HomeContentModel.swift */,
			);
			path = Content;
			sourceTree = "<group>";
		};
		A4A4E9168D00D8100BED7425 /* Frameworks */ = {
			isa = PBXGroup;
			children = (
				DBAAE5B3E7506A3D47721F94 /* Pods_TMDBVirgo.framework */,
			);
			name = Frameworks;
			sourceTree = "<group>";
		};
/* End PBXGroup section */

/* Begin PBXNativeTarget section */
		3ABB0B392831DB3200C187D2 /* TMDBVirgo */ = {
			isa = PBXNativeTarget;
			buildConfigurationList = 3ABB0B4E2831DB3400C187D2 /* Build configuration list for PBXNativeTarget "TMDBVirgo" */;
			buildPhases = (
				76978FEF0C2B9FB9712C9B52 /* [CP] Check Pods Manifest.lock */,
				3ABB0B362831DB3200C187D2 /* Sources */,
				3ABB0B372831DB3200C187D2 /* Frameworks */,
				3ABB0B382831DB3200C187D2 /* Resources */,
				845DE335AC724094878F8592 /* [CP] Embed Pods Frameworks */,
			);
			buildRules = (
			);
			dependencies = (
			);
			name = TMDBVirgo;
			productName = TMDBVirgo;
			productReference = 3ABB0B3A2831DB3200C187D2 /* TMDBVirgo.app */;
			productType = "com.apple.product-type.application";
		};
/* End PBXNativeTarget section */

/* Begin PBXProject section */
		3ABB0B322831DB3200C187D2 /* Project object */ = {
			isa = PBXProject;
			attributes = {
				BuildIndependentTargetsInParallel = 1;
				LastSwiftUpdateCheck = 1320;
				LastUpgradeCheck = 1320;
				TargetAttributes = {
					3ABB0B392831DB3200C187D2 = {
						CreatedOnToolsVersion = 13.2.1;
					};
				};
			};
			buildConfigurationList = 3ABB0B352831DB3200C187D2 /* Build configuration list for PBXProject "TMDBVirgo" */;
			compatibilityVersion = "Xcode 13.0";
			developmentRegion = en;
			hasScannedForEncodings = 0;
			knownRegions = (
				en,
				Base,
			);
			mainGroup = 3ABB0B312831DB3200C187D2;
			productRefGroup = 3ABB0B3B2831DB3200C187D2 /* Products */;
			projectDirPath = "";
			projectRoot = "";
			targets = (
				3ABB0B392831DB3200C187D2 /* TMDBVirgo */,
			);
		};
/* End PBXProject section */

/* Begin PBXResourcesBuildPhase section */
		3ABB0B382831DB3200C187D2 /* Resources */ = {
			isa = PBXResourcesBuildPhase;
			buildActionMask = 2147483647;
			files = (
				3ABB0B4A2831DB3400C187D2 /* LaunchScreen.storyboard in Resources */,
				3ABB0B472831DB3400C187D2 /* Assets.xcassets in Resources */,
			);
			runOnlyForDeploymentPostprocessing = 0;
		};
/* End PBXResourcesBuildPhase section */

/* Begin PBXShellScriptBuildPhase section */
		76978FEF0C2B9FB9712C9B52 /* [CP] Check Pods Manifest.lock */ = {
			isa = PBXShellScriptBuildPhase;
			buildActionMask = 2147483647;
			files = (
			);
			inputFileListPaths = (
			);
			inputPaths = (
				"${PODS_PODFILE_DIR_PATH}/Podfile.lock",
				"${PODS_ROOT}/Manifest.lock",
			);
			name = "[CP] Check Pods Manifest.lock";
			outputFileListPaths = (
			);
			outputPaths = (
				"$(DERIVED_FILE_DIR)/Pods-TMDBVirgo-checkManifestLockResult.txt",
			);
			runOnlyForDeploymentPostprocessing = 0;
			shellPath = /bin/sh;
			shellScript = "diff \"${PODS_PODFILE_DIR_PATH}/Podfile.lock\" \"${PODS_ROOT}/Manifest.lock\" > /dev/null\nif [ $? != 0 ] ; then\n    # print error to STDERR\n    echo \"error: The sandbox is not in sync with the Podfile.lock. Run 'pod install' or update your CocoaPods installation.\" >&2\n    exit 1\nfi\n# This output is used by Xcode 'outputs' to avoid re-running this script phase.\necho \"SUCCESS\" > \"${SCRIPT_OUTPUT_FILE_0}\"\n";
			showEnvVarsInLog = 0;
		};
		845DE335AC724094878F8592 /* [CP] Embed Pods Frameworks */ = {
			isa = PBXShellScriptBuildPhase;
			buildActionMask = 2147483647;
			files = (
			);
			inputFileListPaths = (
				"${PODS_ROOT}/Target Support Files/Pods-TMDBVirgo/Pods-TMDBVirgo-frameworks-${CONFIGURATION}-input-files.xcfilelist",
			);
			name = "[CP] Embed Pods Frameworks";
			outputFileListPaths = (
				"${PODS_ROOT}/Target Support Files/Pods-TMDBVirgo/Pods-TMDBVirgo-frameworks-${CONFIGURATION}-output-files.xcfilelist",
			);
			runOnlyForDeploymentPostprocessing = 0;
			shellPath = /bin/sh;
			shellScript = "\"${PODS_ROOT}/Target Support Files/Pods-TMDBVirgo/Pods-TMDBVirgo-frameworks.sh\"\n";
			showEnvVarsInLog = 0;
		};
/* End PBXShellScriptBuildPhase section */

/* Begin PBXSourcesBuildPhase section */
		3ABB0B362831DB3200C187D2 /* Sources */ = {
			isa = PBXSourcesBuildPhase;
			buildActionMask = 2147483647;
			files = (
				3A23138B2837022F0035E342 /* UIImageView+Extensions.swift in Sources */,
				3ABB0B7A2835250100C187D2 /* UICollectionView+Extensions.swift in Sources */,
				3ABB0B5C283208BF00C187D2 /* MainViewController.swift in Sources */,
				3ABB0B6D2832993C00C187D2 /* UIButton+Extensions.swift in Sources */,
				3ABB0B7E2835637A00C187D2 /* TitleSupplementaryView.swift in Sources */,
				3ABB0B782835228000C187D2 /* HomeContentType.swift in Sources */,
				3A23137C2836748B0035E342 /* HomeContentViewModel.swift in Sources */,
				3ABB0B532831F63000C187D2 /* Coordinator.swift in Sources */,
				3ABB0B692832963700C187D2 /* AccountViewController.swift in Sources */,
				3A23139428392BC60035E342 /* DetailCoordinator.swift in Sources */,
				3A231386283677EC0035E342 /* MainRouter.swift in Sources */,
				3A231398283A680E0035E342 /* TMDBReviewReview.swift in Sources */,
				3ABB0B422831DB3200C187D2 /* SplashViewController.swift in Sources */,
				3ABB0B732833EF3700C187D2 /* UIPageViewController+Extensions.swift in Sources */,
				3A23138F283927330035E342 /* APIManager.swift in Sources */,
				3ABB0B5F28320AB400C187D2 /* HomeViewController.swift in Sources */,
				3ABB0B6B2832965100C187D2 /* AccountCoordinator.swift in Sources */,
				3A23139A283A68250035E342 /* TMDBReviewResult.swift in Sources */,
				3ABB0B80283563D200C187D2 /* ContentSection.swift in Sources */,
				3ABB0B552831F66F00C187D2 /* AppCoordinator.swift in Sources */,
				3A23137E283674AE0035E342 /* HomeContentModel.swift in Sources */,
				3ABB0B3E2831DB3200C187D2 /* AppDelegate.swift in Sources */,
				3A23139228392BA90035E342 /* DetailViewController.swift in Sources */,
				3A2313812836752C0035E342 /* TMDBResonse.swift in Sources */,
				3ABB0B402831DB3200C187D2 /* SceneDelegate.swift in Sources */,
				3ABB0B61283238B800C187D2 /* MainCoordinator.swift in Sources */,
				3A231383283675490035E342 /* TMDBResult.swift in Sources */,
				3ABB0B582831FB0A00C187D2 /* UIViewConstraint.swift in Sources */,
				3ABB0B7C2835253C00C187D2 /* NSObject+Extensions.swift in Sources */,
				3A23139C283A684F0035E342 /* TMDBReviewAuthorDetails.swift in Sources */,
				3ABB0B6F28329B5600C187D2 /* UIControl+Extensions.swift in Sources */,
				3ABB0B762835224500C187D2 /* HomeContentViewController.swift in Sources */,
				3A23138D28370F7E0035E342 /* HomeContentCollectionViewCell.swift in Sources */,
				3A23139F283A6AA10035E342 /* ReviewInfo.swift in Sources */,
				3A2313A1283BC4320035E342 /* SubtitleSupplementaryView.swift in Sources */,
				3ABB0B63283238DC00C187D2 /* TabBarPage.swift in Sources */,
				3ABB0B65283294E200C187D2 /* HomeCoordinator.swift in Sources */,
			);
			runOnlyForDeploymentPostprocessing = 0;
		};
/* End PBXSourcesBuildPhase section */

/* Begin PBXVariantGroup section */
		3ABB0B482831DB3400C187D2 /* LaunchScreen.storyboard */ = {
			isa = PBXVariantGroup;
			children = (
				3ABB0B492831DB3400C187D2 /* Base */,
			);
			name = LaunchScreen.storyboard;
			sourceTree = "<group>";
		};
/* End PBXVariantGroup section */

/* Begin XCBuildConfiguration section */
		3ABB0B4C2831DB3400C187D2 /* Debug */ = {
			isa = XCBuildConfiguration;
			buildSettings = {
				ALWAYS_SEARCH_USER_PATHS = NO;
				CLANG_ANALYZER_NONNULL = YES;
				CLANG_ANALYZER_NUMBER_OBJECT_CONVERSION = YES_AGGRESSIVE;
				CLANG_CXX_LANGUAGE_STANDARD = "gnu++17";
				CLANG_CXX_LIBRARY = "libc++";
				CLANG_ENABLE_MODULES = YES;
				CLANG_ENABLE_OBJC_ARC = YES;
				CLANG_ENABLE_OBJC_WEAK = YES;
				CLANG_WARN_BLOCK_CAPTURE_AUTORELEASING = YES;
				CLANG_WARN_BOOL_CONVERSION = YES;
				CLANG_WARN_COMMA = YES;
				CLANG_WARN_CONSTANT_CONVERSION = YES;
				CLANG_WARN_DEPRECATED_OBJC_IMPLEMENTATIONS = YES;
				CLANG_WARN_DIRECT_OBJC_ISA_USAGE = YES_ERROR;
				CLANG_WARN_DOCUMENTATION_COMMENTS = YES;
				CLANG_WARN_EMPTY_BODY = YES;
				CLANG_WARN_ENUM_CONVERSION = YES;
				CLANG_WARN_INFINITE_RECURSION = YES;
				CLANG_WARN_INT_CONVERSION = YES;
				CLANG_WARN_NON_LITERAL_NULL_CONVERSION = YES;
				CLANG_WARN_OBJC_IMPLICIT_RETAIN_SELF = YES;
				CLANG_WARN_OBJC_LITERAL_CONVERSION = YES;
				CLANG_WARN_OBJC_ROOT_CLASS = YES_ERROR;
				CLANG_WARN_QUOTED_INCLUDE_IN_FRAMEWORK_HEADER = YES;
				CLANG_WARN_RANGE_LOOP_ANALYSIS = YES;
				CLANG_WARN_STRICT_PROTOTYPES = YES;
				CLANG_WARN_SUSPICIOUS_MOVE = YES;
				CLANG_WARN_UNGUARDED_AVAILABILITY = YES_AGGRESSIVE;
				CLANG_WARN_UNREACHABLE_CODE = YES;
				CLANG_WARN__DUPLICATE_METHOD_MATCH = YES;
				COPY_PHASE_STRIP = NO;
				DEBUG_INFORMATION_FORMAT = dwarf;
				ENABLE_STRICT_OBJC_MSGSEND = YES;
				ENABLE_TESTABILITY = YES;
				GCC_C_LANGUAGE_STANDARD = gnu11;
				GCC_DYNAMIC_NO_PIC = NO;
				GCC_NO_COMMON_BLOCKS = YES;
				GCC_OPTIMIZATION_LEVEL = 0;
				GCC_PREPROCESSOR_DEFINITIONS = (
					"DEBUG=1",
					"$(inherited)",
				);
				GCC_WARN_64_TO_32_BIT_CONVERSION = YES;
				GCC_WARN_ABOUT_RETURN_TYPE = YES_ERROR;
				GCC_WARN_UNDECLARED_SELECTOR = YES;
				GCC_WARN_UNINITIALIZED_AUTOS = YES_AGGRESSIVE;
				GCC_WARN_UNUSED_FUNCTION = YES;
				GCC_WARN_UNUSED_VARIABLE = YES;
				IPHONEOS_DEPLOYMENT_TARGET = 15.2;
				MTL_ENABLE_DEBUG_INFO = INCLUDE_SOURCE;
				MTL_FAST_MATH = YES;
				ONLY_ACTIVE_ARCH = YES;
				SDKROOT = iphoneos;
				SWIFT_ACTIVE_COMPILATION_CONDITIONS = DEBUG;
				SWIFT_OPTIMIZATION_LEVEL = "-Onone";
			};
			name = Debug;
		};
		3ABB0B4D2831DB3400C187D2 /* Release */ = {
			isa = XCBuildConfiguration;
			buildSettings = {
				ALWAYS_SEARCH_USER_PATHS = NO;
				CLANG_ANALYZER_NONNULL = YES;
				CLANG_ANALYZER_NUMBER_OBJECT_CONVERSION = YES_AGGRESSIVE;
				CLANG_CXX_LANGUAGE_STANDARD = "gnu++17";
				CLANG_CXX_LIBRARY = "libc++";
				CLANG_ENABLE_MODULES = YES;
				CLANG_ENABLE_OBJC_ARC = YES;
				CLANG_ENABLE_OBJC_WEAK = YES;
				CLANG_WARN_BLOCK_CAPTURE_AUTORELEASING = YES;
				CLANG_WARN_BOOL_CONVERSION = YES;
				CLANG_WARN_COMMA = YES;
				CLANG_WARN_CONSTANT_CONVERSION = YES;
				CLANG_WARN_DEPRECATED_OBJC_IMPLEMENTATIONS = YES;
				CLANG_WARN_DIRECT_OBJC_ISA_USAGE = YES_ERROR;
				CLANG_WARN_DOCUMENTATION_COMMENTS = YES;
				CLANG_WARN_EMPTY_BODY = YES;
				CLANG_WARN_ENUM_CONVERSION = YES;
				CLANG_WARN_INFINITE_RECURSION = YES;
				CLANG_WARN_INT_CONVERSION = YES;
				CLANG_WARN_NON_LITERAL_NULL_CONVERSION = YES;
				CLANG_WARN_OBJC_IMPLICIT_RETAIN_SELF = YES;
				CLANG_WARN_OBJC_LITERAL_CONVERSION = YES;
				CLANG_WARN_OBJC_ROOT_CLASS = YES_ERROR;
				CLANG_WARN_QUOTED_INCLUDE_IN_FRAMEWORK_HEADER = YES;
				CLANG_WARN_RANGE_LOOP_ANALYSIS = YES;
				CLANG_WARN_STRICT_PROTOTYPES = YES;
				CLANG_WARN_SUSPICIOUS_MOVE = YES;
				CLANG_WARN_UNGUARDED_AVAILABILITY = YES_AGGRESSIVE;
				CLANG_WARN_UNREACHABLE_CODE = YES;
				CLANG_WARN__DUPLICATE_METHOD_MATCH = YES;
				COPY_PHASE_STRIP = NO;
				DEBUG_INFORMATION_FORMAT = "dwarf-with-dsym";
				ENABLE_NS_ASSERTIONS = NO;
				ENABLE_STRICT_OBJC_MSGSEND = YES;
				GCC_C_LANGUAGE_STANDARD = gnu11;
				GCC_NO_COMMON_BLOCKS = YES;
				GCC_WARN_64_TO_32_BIT_CONVERSION = YES;
				GCC_WARN_ABOUT_RETURN_TYPE = YES_ERROR;
				GCC_WARN_UNDECLARED_SELECTOR = YES;
				GCC_WARN_UNINITIALIZED_AUTOS = YES_AGGRESSIVE;
				GCC_WARN_UNUSED_FUNCTION = YES;
				GCC_WARN_UNUSED_VARIABLE = YES;
				IPHONEOS_DEPLOYMENT_TARGET = 15.2;
				MTL_ENABLE_DEBUG_INFO = NO;
				MTL_FAST_MATH = YES;
				SDKROOT = iphoneos;
				SWIFT_COMPILATION_MODE = wholemodule;
				SWIFT_OPTIMIZATION_LEVEL = "-O";
				VALIDATE_PRODUCT = YES;
			};
			name = Release;
		};
		3ABB0B4F2831DB3400C187D2 /* Debug */ = {
			isa = XCBuildConfiguration;
			baseConfigurationReference = 0ABC38191C09E3731D4B5204 /* Pods-TMDBVirgo.debug.xcconfig */;
			buildSettings = {
				ASSETCATALOG_COMPILER_APPICON_NAME = AppIcon;
				ASSETCATALOG_COMPILER_GLOBAL_ACCENT_COLOR_NAME = AccentColor;
				CODE_SIGN_STYLE = Automatic;
				CURRENT_PROJECT_VERSION = 1;
				GENERATE_INFOPLIST_FILE = YES;
				INFOPLIST_FILE = TMDBVirgo/Info.plist;
				INFOPLIST_KEY_UIApplicationSupportsIndirectInputEvents = YES;
				INFOPLIST_KEY_UILaunchStoryboardName = LaunchScreen;
				INFOPLIST_KEY_UISupportedInterfaceOrientations_iPad = "UIInterfaceOrientationPortrait UIInterfaceOrientationPortraitUpsideDown UIInterfaceOrientationLandscapeLeft UIInterfaceOrientationLandscapeRight";
				INFOPLIST_KEY_UISupportedInterfaceOrientations_iPhone = "UIInterfaceOrientationPortrait UIInterfaceOrientationLandscapeLeft UIInterfaceOrientationLandscapeRight";
				LD_RUNPATH_SEARCH_PATHS = (
					"$(inherited)",
					"@executable_path/Frameworks",
				);
				MARKETING_VERSION = 1.0;
				PRODUCT_BUNDLE_IDENTIFIER = com.chris.TMDBVirgo;
				PRODUCT_NAME = "$(TARGET_NAME)";
				SWIFT_EMIT_LOC_STRINGS = YES;
				SWIFT_VERSION = 5.0;
				TARGETED_DEVICE_FAMILY = "1,2";
			};
			name = Debug;
		};
		3ABB0B502831DB3400C187D2 /* Release */ = {
			isa = XCBuildConfiguration;
			baseConfigurationReference = F95722E75ABDC2E94A82B244 /* Pods-TMDBVirgo.release.xcconfig */;
			buildSettings = {
				ASSETCATALOG_COMPILER_APPICON_NAME = AppIcon;
				ASSETCATALOG_COMPILER_GLOBAL_ACCENT_COLOR_NAME = AccentColor;
				CODE_SIGN_STYLE = Automatic;
				CURRENT_PROJECT_VERSION = 1;
				GENERATE_INFOPLIST_FILE = YES;
				INFOPLIST_FILE = TMDBVirgo/Info.plist;
				INFOPLIST_KEY_UIApplicationSupportsIndirectInputEvents = YES;
				INFOPLIST_KEY_UILaunchStoryboardName = LaunchScreen;
				INFOPLIST_KEY_UISupportedInterfaceOrientations_iPad = "UIInterfaceOrientationPortrait UIInterfaceOrientationPortraitUpsideDown UIInterfaceOrientationLandscapeLeft UIInterfaceOrientationLandscapeRight";
				INFOPLIST_KEY_UISupportedInterfaceOrientations_iPhone = "UIInterfaceOrientationPortrait UIInterfaceOrientationLandscapeLeft UIInterfaceOrientationLandscapeRight";
				LD_RUNPATH_SEARCH_PATHS = (
					"$(inherited)",
					"@executable_path/Frameworks",
				);
				MARKETING_VERSION = 1.0;
				PRODUCT_BUNDLE_IDENTIFIER = com.chris.TMDBVirgo;
				PRODUCT_NAME = "$(TARGET_NAME)";
				SWIFT_EMIT_LOC_STRINGS = YES;
				SWIFT_VERSION = 5.0;
				TARGETED_DEVICE_FAMILY = "1,2";
			};
			name = Release;
		};
/* End XCBuildConfiguration section */

/* Begin XCConfigurationList section */
		3ABB0B352831DB3200C187D2 /* Build configuration list for PBXProject "TMDBVirgo" */ = {
			isa = XCConfigurationList;
			buildConfigurations = (
				3ABB0B4C2831DB3400C187D2 /* Debug */,
				3ABB0B4D2831DB3400C187D2 /* Release */,
			);
			defaultConfigurationIsVisible = 0;
			defaultConfigurationName = Release;
		};
		3ABB0B4E2831DB3400C187D2 /* Build configuration list for PBXNativeTarget "TMDBVirgo" */ = {
			isa = XCConfigurationList;
			buildConfigurations = (
				3ABB0B4F2831DB3400C187D2 /* Debug */,
				3ABB0B502831DB3400C187D2 /* Release */,
			);
			defaultConfigurationIsVisible = 0;
			defaultConfigurationName = Release;
		};
/* End XCConfigurationList section */
	};
	rootObject = 3ABB0B322831DB3200C187D2 /* Project object */;
}
